// !$*UTF8*$!
{
	archiveVersion = 1;
	classes = {
	};
	objectVersion = 52;
	objects = {

/* Begin PBXBuildFile section */
		423DD1BC24DD84C2005BFEB1 /* IntervalChangerViewController.swift in Sources */ = {isa = PBXBuildFile; fileRef = 423DD1BB24DD84C2005BFEB1 /* IntervalChangerViewController.swift */; };
		423DD1C024DD8561005BFEB1 /* NMMultiLevelCircularSlider.swift in Sources */ = {isa = PBXBuildFile; fileRef = 423DD1BF24DD8561005BFEB1 /* NMMultiLevelCircularSlider.swift */; };
		42560BBF24C32AF600A17AD9 /* StatsProvider.swift in Sources */ = {isa = PBXBuildFile; fileRef = 42560BBE24C32AF600A17AD9 /* StatsProvider.swift */; };
		42579F9424E08259005A51A3 /* NMSwitch.swift in Sources */ = {isa = PBXBuildFile; fileRef = 42579F9324E08259005A51A3 /* NMSwitch.swift */; };
		425C274B24C6788300AE8C7B /* NMSegmentedControl.swift in Sources */ = {isa = PBXBuildFile; fileRef = 425C274A24C6788300AE8C7B /* NMSegmentedControl.swift */; };
		426E55D724C9D661004F9BD9 /* Charts in Frameworks */ = {isa = PBXBuildFile; productRef = 426E55D624C9D661004F9BD9 /* Charts */; settings = {ATTRIBUTES = (Required, ); }; };
		42A6536324CB104A00681D8F /* StatData.swift in Sources */ = {isa = PBXBuildFile; fileRef = 42A6536224CB104A00681D8F /* StatData.swift */; };
		42A6536624CB199F00681D8F /* StatsTableViewCell.swift in Sources */ = {isa = PBXBuildFile; fileRef = 42A6536524CB199F00681D8F /* StatsTableViewCell.swift */; };
		42A6536824CB19B900681D8F /* NMLineChartView.swift in Sources */ = {isa = PBXBuildFile; fileRef = 42A6536724CB19B900681D8F /* NMLineChartView.swift */; };
		42A6536A24CB1A6C00681D8F /* StatsTableViewDelegate.swift in Sources */ = {isa = PBXBuildFile; fileRef = 42A6536924CB1A6C00681D8F /* StatsTableViewDelegate.swift */; };
		42A6536C24CB1A8800681D8F /* StatsTableViewDataSource.swift in Sources */ = {isa = PBXBuildFile; fileRef = 42A6536B24CB1A8800681D8F /* StatsTableViewDataSource.swift */; };
		42ACFCC024EADCAE00C90DCB /* E_CGPoint.swift in Sources */ = {isa = PBXBuildFile; fileRef = 42ACFCBF24EADCAE00C90DCB /* E_CGPoint.swift */; };
		42B885B124C4DDC3007924A6 /* HighlightsProvider.swift in Sources */ = {isa = PBXBuildFile; fileRef = 42B885B024C4DDC3007924A6 /* HighlightsProvider.swift */; };
		42B885BD24C4E080007924A6 /* HighlightCollectionViewCell.swift in Sources */ = {isa = PBXBuildFile; fileRef = 42B885BA24C4E080007924A6 /* HighlightCollectionViewCell.swift */; };
		42B885BE24C4E080007924A6 /* HighlightCollectionViewDataSource.swift in Sources */ = {isa = PBXBuildFile; fileRef = 42B885BB24C4E080007924A6 /* HighlightCollectionViewDataSource.swift */; };
		42B885BF24C4E080007924A6 /* HighlightCollectionViewDelegate.swift in Sources */ = {isa = PBXBuildFile; fileRef = 42B885BC24C4E080007924A6 /* HighlightCollectionViewDelegate.swift */; };
		42B885C124C4EB91007924A6 /* E_Date.swift in Sources */ = {isa = PBXBuildFile; fileRef = 42B885C024C4EB91007924A6 /* E_Date.swift */; };
		42C5E73A24C171110010F5FC /* AppDelegate.swift in Sources */ = {isa = PBXBuildFile; fileRef = 42C5E73924C171110010F5FC /* AppDelegate.swift */; };
		42C5E73C24C171110010F5FC /* SceneDelegate.swift in Sources */ = {isa = PBXBuildFile; fileRef = 42C5E73B24C171110010F5FC /* SceneDelegate.swift */; };
		42C5E74424C171110010F5FC /* nekurumba.xcdatamodeld in Sources */ = {isa = PBXBuildFile; fileRef = 42C5E74224C171110010F5FC /* nekurumba.xcdatamodeld */; };
		42C5E74624C171110010F5FC /* Assets.xcassets in Resources */ = {isa = PBXBuildFile; fileRef = 42C5E74524C171110010F5FC /* Assets.xcassets */; };
		42C5E74924C171110010F5FC /* LaunchScreen.storyboard in Resources */ = {isa = PBXBuildFile; fileRef = 42C5E74724C171110010F5FC /* LaunchScreen.storyboard */; };
		42C5E77C24C1794B0010F5FC /* E_UIImageView.swift in Sources */ = {isa = PBXBuildFile; fileRef = 42C5E77724C1794A0010F5FC /* E_UIImageView.swift */; };
		42C5E77D24C1794B0010F5FC /* E_UIImage.swift in Sources */ = {isa = PBXBuildFile; fileRef = 42C5E77824C1794A0010F5FC /* E_UIImage.swift */; };
		42C5E77E24C1794B0010F5FC /* E_UIViewController.swift in Sources */ = {isa = PBXBuildFile; fileRef = 42C5E77924C1794A0010F5FC /* E_UIViewController.swift */; };
		42C5E77F24C1794B0010F5FC /* E_UIView.swift in Sources */ = {isa = PBXBuildFile; fileRef = 42C5E77A24C1794A0010F5FC /* E_UIView.swift */; };
		42C5E78024C1794B0010F5FC /* E_UIColor.swift in Sources */ = {isa = PBXBuildFile; fileRef = 42C5E77B24C1794B0010F5FC /* E_UIColor.swift */; };
		42E8B9A224DECE4400E953F4 /* NMButton.swift in Sources */ = {isa = PBXBuildFile; fileRef = 42E8B9A124DECE4400E953F4 /* NMButton.swift */; };
		42F3128024E4283A00050D0E /* OnboardingViewController.swift in Sources */ = {isa = PBXBuildFile; fileRef = 42F3127F24E4283A00050D0E /* OnboardingViewController.swift */; };
		42F3128224E4D46200050D0E /* OnboardingView.swift in Sources */ = {isa = PBXBuildFile; fileRef = 42F3128124E4D46200050D0E /* OnboardingView.swift */; };
		42F99FB124E95F09004955C9 /* E_String.swift in Sources */ = {isa = PBXBuildFile; fileRef = 42F99FB024E95F09004955C9 /* E_String.swift */; };
		42F99FB324E963B0004955C9 /* E_Int.swift in Sources */ = {isa = PBXBuildFile; fileRef = 42F99FB224E963B0004955C9 /* E_Int.swift */; };
		42F99FB524E97569004955C9 /* NightModeChangerViewController.swift in Sources */ = {isa = PBXBuildFile; fileRef = 42F99FB424E97569004955C9 /* NightModeChangerViewController.swift */; };
		42F99FB724E99E28004955C9 /* Keys.swift in Sources */ = {isa = PBXBuildFile; fileRef = 42F99FB624E99E28004955C9 /* Keys.swift */; };
		42FA7D7824C1CC2C00D74068 /* E_TimeInterval.swift in Sources */ = {isa = PBXBuildFile; fileRef = 42FA7D7724C1CC2C00D74068 /* E_TimeInterval.swift */; };
		42FA7D7A24C1CC6300D74068 /* TabBarController.swift in Sources */ = {isa = PBXBuildFile; fileRef = 42FA7D7924C1CC6300D74068 /* TabBarController.swift */; };
		42FA7D7C24C1CC6B00D74068 /* TabNavigationView.swift in Sources */ = {isa = PBXBuildFile; fileRef = 42FA7D7B24C1CC6B00D74068 /* TabNavigationView.swift */; };
		42FA7D7E24C1CC7D00D74068 /* TabItem.swift in Sources */ = {isa = PBXBuildFile; fileRef = 42FA7D7D24C1CC7D00D74068 /* TabItem.swift */; };
		42FA7D8024C1CCDC00D74068 /* Colors.swift in Sources */ = {isa = PBXBuildFile; fileRef = 42FA7D7F24C1CCDC00D74068 /* Colors.swift */; };
		42FA7D8424C1CD6000D74068 /* SettingsViewController.swift in Sources */ = {isa = PBXBuildFile; fileRef = 42FA7D8124C1CD6000D74068 /* SettingsViewController.swift */; };
		42FA7D8524C1CD6000D74068 /* HomeViewController.swift in Sources */ = {isa = PBXBuildFile; fileRef = 42FA7D8224C1CD6000D74068 /* HomeViewController.swift */; };
		42FA7D8624C1CD6000D74068 /* StatsViewController.swift in Sources */ = {isa = PBXBuildFile; fileRef = 42FA7D8324C1CD6000D74068 /* StatsViewController.swift */; };
		42FA7D8824C1CDE500D74068 /* NMView.swift in Sources */ = {isa = PBXBuildFile; fileRef = 42FA7D8724C1CDE500D74068 /* NMView.swift */; };
		42FA7D8D24C2054B00D74068 /* NMProgressViewWithButton.swift in Sources */ = {isa = PBXBuildFile; fileRef = 42FA7D8B24C2054B00D74068 /* NMProgressViewWithButton.swift */; };
		42FA7D8E24C2054B00D74068 /* ProgressBarView.swift in Sources */ = {isa = PBXBuildFile; fileRef = 42FA7D8C24C2054B00D74068 /* ProgressBarView.swift */; };
		42FA7D9124C2093E00D74068 /* AEConicalGradient in Frameworks */ = {isa = PBXBuildFile; productRef = 42FA7D9024C2093E00D74068 /* AEConicalGradient */; };
		42FA7D9324C2141100D74068 /* UDLoadableTimer.swift in Sources */ = {isa = PBXBuildFile; fileRef = 42FA7D9224C2141100D74068 /* UDLoadableTimer.swift */; };
		42FA7D9524C2141700D74068 /* Box.swift in Sources */ = {isa = PBXBuildFile; fileRef = 42FA7D9424C2141700D74068 /* Box.swift */; };
		42FA7D9924C2398D00D74068 /* CoreDataManager.swift in Sources */ = {isa = PBXBuildFile; fileRef = 42FA7D9824C2398D00D74068 /* CoreDataManager.swift */; };
/* End PBXBuildFile section */

/* Begin PBXFileReference section */
		423DD1BB24DD84C2005BFEB1 /* IntervalChangerViewController.swift */ = {isa = PBXFileReference; lastKnownFileType = sourcecode.swift; path = IntervalChangerViewController.swift; sourceTree = "<group>"; };
		423DD1BF24DD8561005BFEB1 /* NMMultiLevelCircularSlider.swift */ = {isa = PBXFileReference; fileEncoding = 4; lastKnownFileType = sourcecode.swift; path = NMMultiLevelCircularSlider.swift; sourceTree = "<group>"; };
		42560BBE24C32AF600A17AD9 /* StatsProvider.swift */ = {isa = PBXFileReference; lastKnownFileType = sourcecode.swift; path = StatsProvider.swift; sourceTree = "<group>"; };
		42579F9324E08259005A51A3 /* NMSwitch.swift */ = {isa = PBXFileReference; fileEncoding = 4; lastKnownFileType = sourcecode.swift; path = NMSwitch.swift; sourceTree = "<group>"; };
		425C274A24C6788300AE8C7B /* NMSegmentedControl.swift */ = {isa = PBXFileReference; fileEncoding = 4; lastKnownFileType = sourcecode.swift; path = NMSegmentedControl.swift; sourceTree = "<group>"; };
		42A6536224CB104A00681D8F /* StatData.swift */ = {isa = PBXFileReference; lastKnownFileType = sourcecode.swift; path = StatData.swift; sourceTree = "<group>"; };
		42A6536524CB199F00681D8F /* StatsTableViewCell.swift */ = {isa = PBXFileReference; fileEncoding = 4; lastKnownFileType = sourcecode.swift; path = StatsTableViewCell.swift; sourceTree = "<group>"; };
		42A6536724CB19B900681D8F /* NMLineChartView.swift */ = {isa = PBXFileReference; fileEncoding = 4; lastKnownFileType = sourcecode.swift; path = NMLineChartView.swift; sourceTree = "<group>"; };
		42A6536924CB1A6C00681D8F /* StatsTableViewDelegate.swift */ = {isa = PBXFileReference; lastKnownFileType = sourcecode.swift; path = StatsTableViewDelegate.swift; sourceTree = "<group>"; };
		42A6536B24CB1A8800681D8F /* StatsTableViewDataSource.swift */ = {isa = PBXFileReference; lastKnownFileType = sourcecode.swift; path = StatsTableViewDataSource.swift; sourceTree = "<group>"; };
		42ACFCBF24EADCAE00C90DCB /* E_CGPoint.swift */ = {isa = PBXFileReference; lastKnownFileType = sourcecode.swift; path = E_CGPoint.swift; sourceTree = "<group>"; };
		42B885B024C4DDC3007924A6 /* HighlightsProvider.swift */ = {isa = PBXFileReference; lastKnownFileType = sourcecode.swift; path = HighlightsProvider.swift; sourceTree = "<group>"; };
		42B885BA24C4E080007924A6 /* HighlightCollectionViewCell.swift */ = {isa = PBXFileReference; fileEncoding = 4; lastKnownFileType = sourcecode.swift; path = HighlightCollectionViewCell.swift; sourceTree = "<group>"; };
		42B885BB24C4E080007924A6 /* HighlightCollectionViewDataSource.swift */ = {isa = PBXFileReference; fileEncoding = 4; lastKnownFileType = sourcecode.swift; path = HighlightCollectionViewDataSource.swift; sourceTree = "<group>"; };
		42B885BC24C4E080007924A6 /* HighlightCollectionViewDelegate.swift */ = {isa = PBXFileReference; fileEncoding = 4; lastKnownFileType = sourcecode.swift; path = HighlightCollectionViewDelegate.swift; sourceTree = "<group>"; };
		42B885C024C4EB91007924A6 /* E_Date.swift */ = {isa = PBXFileReference; lastKnownFileType = sourcecode.swift; path = E_Date.swift; sourceTree = "<group>"; };
		42C5E73624C171100010F5FC /* nekurumba.app */ = {isa = PBXFileReference; explicitFileType = wrapper.application; includeInIndex = 0; path = nekurumba.app; sourceTree = BUILT_PRODUCTS_DIR; };
		42C5E73924C171110010F5FC /* AppDelegate.swift */ = {isa = PBXFileReference; lastKnownFileType = sourcecode.swift; path = AppDelegate.swift; sourceTree = "<group>"; };
		42C5E73B24C171110010F5FC /* SceneDelegate.swift */ = {isa = PBXFileReference; lastKnownFileType = sourcecode.swift; path = SceneDelegate.swift; sourceTree = "<group>"; };
		42C5E74324C171110010F5FC /* nekurumba.xcdatamodel */ = {isa = PBXFileReference; lastKnownFileType = wrapper.xcdatamodel; path = nekurumba.xcdatamodel; sourceTree = "<group>"; };
		42C5E74524C171110010F5FC /* Assets.xcassets */ = {isa = PBXFileReference; lastKnownFileType = folder.assetcatalog; path = Assets.xcassets; sourceTree = "<group>"; };
		42C5E74824C171110010F5FC /* Base */ = {isa = PBXFileReference; lastKnownFileType = file.storyboard; name = Base; path = Base.lproj/LaunchScreen.storyboard; sourceTree = "<group>"; };
		42C5E74A24C171110010F5FC /* Info.plist */ = {isa = PBXFileReference; lastKnownFileType = text.plist.xml; path = Info.plist; sourceTree = "<group>"; };
		42C5E77724C1794A0010F5FC /* E_UIImageView.swift */ = {isa = PBXFileReference; fileEncoding = 4; lastKnownFileType = sourcecode.swift; path = E_UIImageView.swift; sourceTree = "<group>"; };
		42C5E77824C1794A0010F5FC /* E_UIImage.swift */ = {isa = PBXFileReference; fileEncoding = 4; lastKnownFileType = sourcecode.swift; path = E_UIImage.swift; sourceTree = "<group>"; };
		42C5E77924C1794A0010F5FC /* E_UIViewController.swift */ = {isa = PBXFileReference; fileEncoding = 4; lastKnownFileType = sourcecode.swift; path = E_UIViewController.swift; sourceTree = "<group>"; };
		42C5E77A24C1794A0010F5FC /* E_UIView.swift */ = {isa = PBXFileReference; fileEncoding = 4; lastKnownFileType = sourcecode.swift; path = E_UIView.swift; sourceTree = "<group>"; };
		42C5E77B24C1794B0010F5FC /* E_UIColor.swift */ = {isa = PBXFileReference; fileEncoding = 4; lastKnownFileType = sourcecode.swift; path = E_UIColor.swift; sourceTree = "<group>"; };
		42E8B9A124DECE4400E953F4 /* NMButton.swift */ = {isa = PBXFileReference; lastKnownFileType = sourcecode.swift; path = NMButton.swift; sourceTree = "<group>"; };
		42F3127F24E4283A00050D0E /* OnboardingViewController.swift */ = {isa = PBXFileReference; lastKnownFileType = sourcecode.swift; path = OnboardingViewController.swift; sourceTree = "<group>"; };
		42F3128124E4D46200050D0E /* OnboardingView.swift */ = {isa = PBXFileReference; lastKnownFileType = sourcecode.swift; path = OnboardingView.swift; sourceTree = "<group>"; };
		42F99FB024E95F09004955C9 /* E_String.swift */ = {isa = PBXFileReference; lastKnownFileType = sourcecode.swift; path = E_String.swift; sourceTree = "<group>"; };
		42F99FB224E963B0004955C9 /* E_Int.swift */ = {isa = PBXFileReference; lastKnownFileType = sourcecode.swift; path = E_Int.swift; sourceTree = "<group>"; };
		42F99FB424E97569004955C9 /* NightModeChangerViewController.swift */ = {isa = PBXFileReference; lastKnownFileType = sourcecode.swift; path = NightModeChangerViewController.swift; sourceTree = "<group>"; };
		42F99FB624E99E28004955C9 /* Keys.swift */ = {isa = PBXFileReference; lastKnownFileType = sourcecode.swift; path = Keys.swift; sourceTree = "<group>"; };
		42FA7D7724C1CC2C00D74068 /* E_TimeInterval.swift */ = {isa = PBXFileReference; fileEncoding = 4; lastKnownFileType = sourcecode.swift; path = E_TimeInterval.swift; sourceTree = "<group>"; };
		42FA7D7924C1CC6300D74068 /* TabBarController.swift */ = {isa = PBXFileReference; fileEncoding = 4; lastKnownFileType = sourcecode.swift; path = TabBarController.swift; sourceTree = "<group>"; };
		42FA7D7B24C1CC6B00D74068 /* TabNavigationView.swift */ = {isa = PBXFileReference; fileEncoding = 4; lastKnownFileType = sourcecode.swift; path = TabNavigationView.swift; sourceTree = "<group>"; };
		42FA7D7D24C1CC7D00D74068 /* TabItem.swift */ = {isa = PBXFileReference; fileEncoding = 4; lastKnownFileType = sourcecode.swift; path = TabItem.swift; sourceTree = "<group>"; };
		42FA7D7F24C1CCDC00D74068 /* Colors.swift */ = {isa = PBXFileReference; lastKnownFileType = sourcecode.swift; path = Colors.swift; sourceTree = "<group>"; };
		42FA7D8124C1CD6000D74068 /* SettingsViewController.swift */ = {isa = PBXFileReference; fileEncoding = 4; lastKnownFileType = sourcecode.swift; path = SettingsViewController.swift; sourceTree = "<group>"; };
		42FA7D8224C1CD6000D74068 /* HomeViewController.swift */ = {isa = PBXFileReference; fileEncoding = 4; lastKnownFileType = sourcecode.swift; path = HomeViewController.swift; sourceTree = "<group>"; };
		42FA7D8324C1CD6000D74068 /* StatsViewController.swift */ = {isa = PBXFileReference; fileEncoding = 4; lastKnownFileType = sourcecode.swift; path = StatsViewController.swift; sourceTree = "<group>"; };
		42FA7D8724C1CDE500D74068 /* NMView.swift */ = {isa = PBXFileReference; fileEncoding = 4; lastKnownFileType = sourcecode.swift; path = NMView.swift; sourceTree = "<group>"; };
		42FA7D8B24C2054B00D74068 /* NMProgressViewWithButton.swift */ = {isa = PBXFileReference; fileEncoding = 4; lastKnownFileType = sourcecode.swift; path = NMProgressViewWithButton.swift; sourceTree = "<group>"; };
		42FA7D8C24C2054B00D74068 /* ProgressBarView.swift */ = {isa = PBXFileReference; fileEncoding = 4; lastKnownFileType = sourcecode.swift; path = ProgressBarView.swift; sourceTree = "<group>"; };
		42FA7D9224C2141100D74068 /* UDLoadableTimer.swift */ = {isa = PBXFileReference; fileEncoding = 4; lastKnownFileType = sourcecode.swift; path = UDLoadableTimer.swift; sourceTree = "<group>"; };
		42FA7D9424C2141700D74068 /* Box.swift */ = {isa = PBXFileReference; fileEncoding = 4; lastKnownFileType = sourcecode.swift; path = Box.swift; sourceTree = "<group>"; };
		42FA7D9824C2398D00D74068 /* CoreDataManager.swift */ = {isa = PBXFileReference; fileEncoding = 4; lastKnownFileType = sourcecode.swift; path = CoreDataManager.swift; sourceTree = "<group>"; };
/* End PBXFileReference section */

/* Begin PBXFrameworksBuildPhase section */
		42C5E73324C171100010F5FC /* Frameworks */ = {
			isa = PBXFrameworksBuildPhase;
			buildActionMask = 2147483647;
			files = (
				42FA7D9124C2093E00D74068 /* AEConicalGradient in Frameworks */,
				426E55D724C9D661004F9BD9 /* Charts in Frameworks */,
			);
			runOnlyForDeploymentPostprocessing = 0;
		};
/* End PBXFrameworksBuildPhase section */

/* Begin PBXGroup section */
		42A6536424CB196D00681D8F /* StatsTableView */ = {
			isa = PBXGroup;
			children = (
				42A6536524CB199F00681D8F /* StatsTableViewCell.swift */,
				42A6536924CB1A6C00681D8F /* StatsTableViewDelegate.swift */,
				42A6536B24CB1A8800681D8F /* StatsTableViewDataSource.swift */,
			);
			path = StatsTableView;
			sourceTree = "<group>";
		};
		42B885B924C4E06B007924A6 /* HighlightCollectionView */ = {
			isa = PBXGroup;
			children = (
				42B885BA24C4E080007924A6 /* HighlightCollectionViewCell.swift */,
				42B885BB24C4E080007924A6 /* HighlightCollectionViewDataSource.swift */,
				42B885BC24C4E080007924A6 /* HighlightCollectionViewDelegate.swift */,
			);
			path = HighlightCollectionView;
			sourceTree = "<group>";
		};
		42C5E72D24C171100010F5FC = {
			isa = PBXGroup;
			children = (
				42C5E73824C171110010F5FC /* nekurumba */,
				42C5E73724C171100010F5FC /* Products */,
			);
			sourceTree = "<group>";
		};
		42C5E73724C171100010F5FC /* Products */ = {
			isa = PBXGroup;
			children = (
				42C5E73624C171100010F5FC /* nekurumba.app */,
			);
			name = Products;
			sourceTree = "<group>";
		};
		42C5E73824C171110010F5FC /* nekurumba */ = {
			isa = PBXGroup;
			children = (
				42FA7D7424C1CBE800D74068 /* Models */,
				42FA7D7524C1CBFA00D74068 /* Views */,
				42FA7D7624C1CC0B00D74068 /* Controllers */,
				42C5E77624C179360010F5FC /* Extensions */,
				42C5E78124C17ACB0010F5FC /* UIResponders */,
				42C5E74524C171110010F5FC /* Assets.xcassets */,
				42C5E74724C171110010F5FC /* LaunchScreen.storyboard */,
				42C5E74A24C171110010F5FC /* Info.plist */,
				42C5E74224C171110010F5FC /* nekurumba.xcdatamodeld */,
			);
			path = nekurumba;
			sourceTree = "<group>";
		};
		42C5E77624C179360010F5FC /* Extensions */ = {
			isa = PBXGroup;
			children = (
				42ACFCBF24EADCAE00C90DCB /* E_CGPoint.swift */,
				42B885C024C4EB91007924A6 /* E_Date.swift */,
				42F99FB224E963B0004955C9 /* E_Int.swift */,
				42F99FB024E95F09004955C9 /* E_String.swift */,
				42FA7D7724C1CC2C00D74068 /* E_TimeInterval.swift */,
				42C5E77B24C1794B0010F5FC /* E_UIColor.swift */,
				42C5E77824C1794A0010F5FC /* E_UIImage.swift */,
				42C5E77724C1794A0010F5FC /* E_UIImageView.swift */,
				42C5E77A24C1794A0010F5FC /* E_UIView.swift */,
				42C5E77924C1794A0010F5FC /* E_UIViewController.swift */,
				42FA7D7F24C1CCDC00D74068 /* Colors.swift */,
				42F99FB624E99E28004955C9 /* Keys.swift */,
			);
			path = Extensions;
			sourceTree = "<group>";
		};
		42C5E78124C17ACB0010F5FC /* UIResponders */ = {
			isa = PBXGroup;
			children = (
				42C5E73B24C171110010F5FC /* SceneDelegate.swift */,
				42C5E73924C171110010F5FC /* AppDelegate.swift */,
			);
			path = UIResponders;
			sourceTree = "<group>";
		};
		42EC447A24DDA52C00BBFBAC /* NeomorpKit */ = {
			isa = PBXGroup;
			children = (
				42FA7D8724C1CDE500D74068 /* NMView.swift */,
				42E8B9A124DECE4400E953F4 /* NMButton.swift */,
				42579F9324E08259005A51A3 /* NMSwitch.swift */,
				425C274A24C6788300AE8C7B /* NMSegmentedControl.swift */,
				42A6536724CB19B900681D8F /* NMLineChartView.swift */,
				423DD1BF24DD8561005BFEB1 /* NMMultiLevelCircularSlider.swift */,
			);
			path = NeomorpKit;
			sourceTree = "<group>";
		};
		42FA7D7424C1CBE800D74068 /* Models */ = {
			isa = PBXGroup;
			children = (
				42FA7D9824C2398D00D74068 /* CoreDataManager.swift */,
				42560BBE24C32AF600A17AD9 /* StatsProvider.swift */,
				42B885B024C4DDC3007924A6 /* HighlightsProvider.swift */,
				42FA7D9424C2141700D74068 /* Box.swift */,
				42FA7D9224C2141100D74068 /* UDLoadableTimer.swift */,
				42FA7D7D24C1CC7D00D74068 /* TabItem.swift */,
				42A6536224CB104A00681D8F /* StatData.swift */,
			);
			path = Models;
			sourceTree = "<group>";
		};
		42FA7D7524C1CBFA00D74068 /* Views */ = {
			isa = PBXGroup;
			children = (
				42EC447A24DDA52C00BBFBAC /* NeomorpKit */,
				42FA7D8B24C2054B00D74068 /* NMProgressViewWithButton.swift */,
				42FA7D8C24C2054B00D74068 /* ProgressBarView.swift */,
				42FA7D7B24C1CC6B00D74068 /* TabNavigationView.swift */,
				42F3128124E4D46200050D0E /* OnboardingView.swift */,
			);
			path = Views;
			sourceTree = "<group>";
		};
		42FA7D7624C1CC0B00D74068 /* Controllers */ = {
			isa = PBXGroup;
			children = (
				42FA7D8224C1CD6000D74068 /* HomeViewController.swift */,
				42B885B924C4E06B007924A6 /* HighlightCollectionView */,
				42FA7D8324C1CD6000D74068 /* StatsViewController.swift */,
				42A6536424CB196D00681D8F /* StatsTableView */,
				42FA7D8124C1CD6000D74068 /* SettingsViewController.swift */,
				42FA7D7924C1CC6300D74068 /* TabBarController.swift */,
				423DD1BB24DD84C2005BFEB1 /* IntervalChangerViewController.swift */,
				42F99FB424E97569004955C9 /* NightModeChangerViewController.swift */,
				42F3127F24E4283A00050D0E /* OnboardingViewController.swift */,
			);
			path = Controllers;
			sourceTree = "<group>";
		};
/* End PBXGroup section */

/* Begin PBXNativeTarget section */
		42C5E73524C171100010F5FC /* nekurumba */ = {
			isa = PBXNativeTarget;
			buildConfigurationList = 42C5E74D24C171110010F5FC /* Build configuration list for PBXNativeTarget "nekurumba" */;
			buildPhases = (
				42C5E73224C171100010F5FC /* Sources */,
				42C5E73324C171100010F5FC /* Frameworks */,
				42C5E73424C171100010F5FC /* Resources */,
			);
			buildRules = (
			);
			dependencies = (
			);
			name = nekurumba;
			packageProductDependencies = (
				42FA7D9024C2093E00D74068 /* AEConicalGradient */,
				426E55D624C9D661004F9BD9 /* Charts */,
			);
			productName = nekurumba;
			productReference = 42C5E73624C171100010F5FC /* nekurumba.app */;
			productType = "com.apple.product-type.application";
		};
/* End PBXNativeTarget section */

/* Begin PBXProject section */
		42C5E72E24C171100010F5FC /* Project object */ = {
			isa = PBXProject;
			attributes = {
				LastSwiftUpdateCheck = 1200;
				LastUpgradeCheck = 1200;
				TargetAttributes = {
					42C5E73524C171100010F5FC = {
						CreatedOnToolsVersion = 12.0;
					};
				};
			};
			buildConfigurationList = 42C5E73124C171100010F5FC /* Build configuration list for PBXProject "nekurumba" */;
			compatibilityVersion = "Xcode 9.3";
			developmentRegion = en;
			hasScannedForEncodings = 0;
			knownRegions = (
				en,
				Base,
			);
			mainGroup = 42C5E72D24C171100010F5FC;
			packageReferences = (
				42FA7D8F24C2093E00D74068 /* XCRemoteSwiftPackageReference "AEConicalGradient" */,
				426E55D524C9D661004F9BD9 /* XCRemoteSwiftPackageReference "Charts" */,
			);
			productRefGroup = 42C5E73724C171100010F5FC /* Products */;
			projectDirPath = "";
			projectRoot = "";
			targets = (
				42C5E73524C171100010F5FC /* nekurumba */,
			);
		};
/* End PBXProject section */

/* Begin PBXResourcesBuildPhase section */
		42C5E73424C171100010F5FC /* Resources */ = {
			isa = PBXResourcesBuildPhase;
			buildActionMask = 2147483647;
			files = (
				42C5E74924C171110010F5FC /* LaunchScreen.storyboard in Resources */,
				42C5E74624C171110010F5FC /* Assets.xcassets in Resources */,
			);
			runOnlyForDeploymentPostprocessing = 0;
		};
/* End PBXResourcesBuildPhase section */

/* Begin PBXSourcesBuildPhase section */
		42C5E73224C171100010F5FC /* Sources */ = {
			isa = PBXSourcesBuildPhase;
			buildActionMask = 2147483647;
			files = (
				42A6536324CB104A00681D8F /* StatData.swift in Sources */,
				42F99FB324E963B0004955C9 /* E_Int.swift in Sources */,
				42A6536A24CB1A6C00681D8F /* StatsTableViewDelegate.swift in Sources */,
				42FA7D9924C2398D00D74068 /* CoreDataManager.swift in Sources */,
				42B885B124C4DDC3007924A6 /* HighlightsProvider.swift in Sources */,
				42FA7D8D24C2054B00D74068 /* NMProgressViewWithButton.swift in Sources */,
				42A6536624CB199F00681D8F /* StatsTableViewCell.swift in Sources */,
				42C5E74424C171110010F5FC /* nekurumba.xcdatamodeld in Sources */,
				42ACFCC024EADCAE00C90DCB /* E_CGPoint.swift in Sources */,
				42FA7D8824C1CDE500D74068 /* NMView.swift in Sources */,
				42C5E77D24C1794B0010F5FC /* E_UIImage.swift in Sources */,
				42E8B9A224DECE4400E953F4 /* NMButton.swift in Sources */,
				42FA7D9324C2141100D74068 /* UDLoadableTimer.swift in Sources */,
				42FA7D7A24C1CC6300D74068 /* TabBarController.swift in Sources */,
				42F99FB524E97569004955C9 /* NightModeChangerViewController.swift in Sources */,
				42FA7D8024C1CCDC00D74068 /* Colors.swift in Sources */,
				42FA7D8E24C2054B00D74068 /* ProgressBarView.swift in Sources */,
				42C5E77E24C1794B0010F5FC /* E_UIViewController.swift in Sources */,
				42F99FB124E95F09004955C9 /* E_String.swift in Sources */,
				42B885BD24C4E080007924A6 /* HighlightCollectionViewCell.swift in Sources */,
				42F99FB724E99E28004955C9 /* Keys.swift in Sources */,
				42C5E77C24C1794B0010F5FC /* E_UIImageView.swift in Sources */,
				42FA7D7E24C1CC7D00D74068 /* TabItem.swift in Sources */,
				42B885BF24C4E080007924A6 /* HighlightCollectionViewDelegate.swift in Sources */,
				42FA7D8424C1CD6000D74068 /* SettingsViewController.swift in Sources */,
				42560BBF24C32AF600A17AD9 /* StatsProvider.swift in Sources */,
				423DD1BC24DD84C2005BFEB1 /* IntervalChangerViewController.swift in Sources */,
				42C5E73A24C171110010F5FC /* AppDelegate.swift in Sources */,
				42C5E77F24C1794B0010F5FC /* E_UIView.swift in Sources */,
				42FA7D8624C1CD6000D74068 /* StatsViewController.swift in Sources */,
				42F3128224E4D46200050D0E /* OnboardingView.swift in Sources */,
				42579F9424E08259005A51A3 /* NMSwitch.swift in Sources */,
				42FA7D9524C2141700D74068 /* Box.swift in Sources */,
				42A6536C24CB1A8800681D8F /* StatsTableViewDataSource.swift in Sources */,
				42B885C124C4EB91007924A6 /* E_Date.swift in Sources */,
				42FA7D8524C1CD6000D74068 /* HomeViewController.swift in Sources */,
				42FA7D7C24C1CC6B00D74068 /* TabNavigationView.swift in Sources */,
				42F3128024E4283A00050D0E /* OnboardingViewController.swift in Sources */,
				42C5E73C24C171110010F5FC /* SceneDelegate.swift in Sources */,
				425C274B24C6788300AE8C7B /* NMSegmentedControl.swift in Sources */,
				42C5E78024C1794B0010F5FC /* E_UIColor.swift in Sources */,
				423DD1C024DD8561005BFEB1 /* NMMultiLevelCircularSlider.swift in Sources */,
				42A6536824CB19B900681D8F /* NMLineChartView.swift in Sources */,
				42B885BE24C4E080007924A6 /* HighlightCollectionViewDataSource.swift in Sources */,
				42FA7D7824C1CC2C00D74068 /* E_TimeInterval.swift in Sources */,
			);
			runOnlyForDeploymentPostprocessing = 0;
		};
/* End PBXSourcesBuildPhase section */

/* Begin PBXVariantGroup section */
		42C5E74724C171110010F5FC /* LaunchScreen.storyboard */ = {
			isa = PBXVariantGroup;
			children = (
				42C5E74824C171110010F5FC /* Base */,
			);
			name = LaunchScreen.storyboard;
			sourceTree = "<group>";
		};
/* End PBXVariantGroup section */

/* Begin XCBuildConfiguration section */
		42C5E74B24C171110010F5FC /* Debug */ = {
			isa = XCBuildConfiguration;
			buildSettings = {
				ALWAYS_SEARCH_USER_PATHS = NO;
				CLANG_ANALYZER_NONNULL = YES;
				CLANG_ANALYZER_NUMBER_OBJECT_CONVERSION = YES_AGGRESSIVE;
				CLANG_CXX_LANGUAGE_STANDARD = "gnu++14";
				CLANG_CXX_LIBRARY = "libc++";
				CLANG_ENABLE_MODULES = YES;
				CLANG_ENABLE_OBJC_ARC = YES;
				CLANG_ENABLE_OBJC_WEAK = YES;
				CLANG_WARN_BLOCK_CAPTURE_AUTORELEASING = YES;
				CLANG_WARN_BOOL_CONVERSION = YES;
				CLANG_WARN_COMMA = YES;
				CLANG_WARN_CONSTANT_CONVERSION = YES;
				CLANG_WARN_DEPRECATED_OBJC_IMPLEMENTATIONS = YES;
				CLANG_WARN_DIRECT_OBJC_ISA_USAGE = YES_ERROR;
				CLANG_WARN_DOCUMENTATION_COMMENTS = YES;
				CLANG_WARN_EMPTY_BODY = YES;
				CLANG_WARN_ENUM_CONVERSION = YES;
				CLANG_WARN_INFINITE_RECURSION = YES;
				CLANG_WARN_INT_CONVERSION = YES;
				CLANG_WARN_NON_LITERAL_NULL_CONVERSION = YES;
				CLANG_WARN_OBJC_IMPLICIT_RETAIN_SELF = YES;
				CLANG_WARN_OBJC_LITERAL_CONVERSION = YES;
				CLANG_WARN_OBJC_ROOT_CLASS = YES_ERROR;
				CLANG_WARN_QUOTED_INCLUDE_IN_FRAMEWORK_HEADER = YES;
				CLANG_WARN_RANGE_LOOP_ANALYSIS = YES;
				CLANG_WARN_STRICT_PROTOTYPES = YES;
				CLANG_WARN_SUSPICIOUS_MOVE = YES;
				CLANG_WARN_UNGUARDED_AVAILABILITY = YES_AGGRESSIVE;
				CLANG_WARN_UNREACHABLE_CODE = YES;
				CLANG_WARN__DUPLICATE_METHOD_MATCH = YES;
				COPY_PHASE_STRIP = NO;
				DEBUG_INFORMATION_FORMAT = dwarf;
				ENABLE_STRICT_OBJC_MSGSEND = YES;
				ENABLE_TESTABILITY = YES;
				GCC_C_LANGUAGE_STANDARD = gnu11;
				GCC_DYNAMIC_NO_PIC = NO;
				GCC_NO_COMMON_BLOCKS = YES;
				GCC_OPTIMIZATION_LEVEL = 0;
				GCC_PREPROCESSOR_DEFINITIONS = (
					"DEBUG=1",
					"$(inherited)",
				);
				GCC_WARN_64_TO_32_BIT_CONVERSION = YES;
				GCC_WARN_ABOUT_RETURN_TYPE = YES_ERROR;
				GCC_WARN_UNDECLARED_SELECTOR = YES;
				GCC_WARN_UNINITIALIZED_AUTOS = YES_AGGRESSIVE;
				GCC_WARN_UNUSED_FUNCTION = YES;
				GCC_WARN_UNUSED_VARIABLE = YES;
				IPHONEOS_DEPLOYMENT_TARGET = 11.0;
				MTL_ENABLE_DEBUG_INFO = INCLUDE_SOURCE;
				MTL_FAST_MATH = YES;
				ONLY_ACTIVE_ARCH = YES;
				SDKROOT = iphoneos;
				SWIFT_ACTIVE_COMPILATION_CONDITIONS = DEBUG;
				SWIFT_OPTIMIZATION_LEVEL = "-Onone";
			};
			name = Debug;
		};
		42C5E74C24C171110010F5FC /* Release */ = {
			isa = XCBuildConfiguration;
			buildSettings = {
				ALWAYS_SEARCH_USER_PATHS = NO;
				CLANG_ANALYZER_NONNULL = YES;
				CLANG_ANALYZER_NUMBER_OBJECT_CONVERSION = YES_AGGRESSIVE;
				CLANG_CXX_LANGUAGE_STANDARD = "gnu++14";
				CLANG_CXX_LIBRARY = "libc++";
				CLANG_ENABLE_MODULES = YES;
				CLANG_ENABLE_OBJC_ARC = YES;
				CLANG_ENABLE_OBJC_WEAK = YES;
				CLANG_WARN_BLOCK_CAPTURE_AUTORELEASING = YES;
				CLANG_WARN_BOOL_CONVERSION = YES;
				CLANG_WARN_COMMA = YES;
				CLANG_WARN_CONSTANT_CONVERSION = YES;
				CLANG_WARN_DEPRECATED_OBJC_IMPLEMENTATIONS = YES;
				CLANG_WARN_DIRECT_OBJC_ISA_USAGE = YES_ERROR;
				CLANG_WARN_DOCUMENTATION_COMMENTS = YES;
				CLANG_WARN_EMPTY_BODY = YES;
				CLANG_WARN_ENUM_CONVERSION = YES;
				CLANG_WARN_INFINITE_RECURSION = YES;
				CLANG_WARN_INT_CONVERSION = YES;
				CLANG_WARN_NON_LITERAL_NULL_CONVERSION = YES;
				CLANG_WARN_OBJC_IMPLICIT_RETAIN_SELF = YES;
				CLANG_WARN_OBJC_LITERAL_CONVERSION = YES;
				CLANG_WARN_OBJC_ROOT_CLASS = YES_ERROR;
				CLANG_WARN_QUOTED_INCLUDE_IN_FRAMEWORK_HEADER = YES;
				CLANG_WARN_RANGE_LOOP_ANALYSIS = YES;
				CLANG_WARN_STRICT_PROTOTYPES = YES;
				CLANG_WARN_SUSPICIOUS_MOVE = YES;
				CLANG_WARN_UNGUARDED_AVAILABILITY = YES_AGGRESSIVE;
				CLANG_WARN_UNREACHABLE_CODE = YES;
				CLANG_WARN__DUPLICATE_METHOD_MATCH = YES;
				COPY_PHASE_STRIP = NO;
				DEBUG_INFORMATION_FORMAT = "dwarf-with-dsym";
				ENABLE_NS_ASSERTIONS = NO;
				ENABLE_STRICT_OBJC_MSGSEND = YES;
				GCC_C_LANGUAGE_STANDARD = gnu11;
				GCC_NO_COMMON_BLOCKS = YES;
				GCC_WARN_64_TO_32_BIT_CONVERSION = YES;
				GCC_WARN_ABOUT_RETURN_TYPE = YES_ERROR;
				GCC_WARN_UNDECLARED_SELECTOR = YES;
				GCC_WARN_UNINITIALIZED_AUTOS = YES_AGGRESSIVE;
				GCC_WARN_UNUSED_FUNCTION = YES;
				GCC_WARN_UNUSED_VARIABLE = YES;
				IPHONEOS_DEPLOYMENT_TARGET = 11.0;
				MTL_ENABLE_DEBUG_INFO = NO;
				MTL_FAST_MATH = YES;
				SDKROOT = iphoneos;
				SWIFT_COMPILATION_MODE = wholemodule;
				SWIFT_OPTIMIZATION_LEVEL = "-O";
				VALIDATE_PRODUCT = YES;
			};
			name = Release;
		};
		42C5E74E24C171110010F5FC /* Debug */ = {
			isa = XCBuildConfiguration;
			buildSettings = {
				ASSETCATALOG_COMPILER_APPICON_NAME = AppIcon;
				ASSETCATALOG_COMPILER_GLOBAL_ACCENT_COLOR_NAME = AccentColor;
				CODE_SIGN_STYLE = Automatic;
				DEVELOPMENT_TEAM = 5UEXU9F7T3;
				INFOPLIST_FILE = nekurumba/Info.plist;
				IPHONEOS_DEPLOYMENT_TARGET = 11.0;
				LD_RUNPATH_SEARCH_PATHS = (
					"$(inherited)",
					"@executable_path/Frameworks",
				);
				PRODUCT_BUNDLE_IDENTIFIER = fullnabor.nekurumba;
				PRODUCT_NAME = "$(TARGET_NAME)";
				SWIFT_VERSION = 5.0;
				TARGETED_DEVICE_FAMILY = 1;
			};
			name = Debug;
		};
		42C5E74F24C171110010F5FC /* Release */ = {
			isa = XCBuildConfiguration;
			buildSettings = {
				ASSETCATALOG_COMPILER_APPICON_NAME = AppIcon;
				ASSETCATALOG_COMPILER_GLOBAL_ACCENT_COLOR_NAME = AccentColor;
				CODE_SIGN_STYLE = Automatic;
				DEVELOPMENT_TEAM = 5UEXU9F7T3;
				INFOPLIST_FILE = nekurumba/Info.plist;
				IPHONEOS_DEPLOYMENT_TARGET = 11.0;
				LD_RUNPATH_SEARCH_PATHS = (
					"$(inherited)",
					"@executable_path/Frameworks",
				);
				PRODUCT_BUNDLE_IDENTIFIER = fullnabor.nekurumba;
				PRODUCT_NAME = "$(TARGET_NAME)";
				SWIFT_VERSION = 5.0;
				TARGETED_DEVICE_FAMILY = 1;
			};
			name = Release;
		};
/* End XCBuildConfiguration section */

/* Begin XCConfigurationList section */
		42C5E73124C171100010F5FC /* Build configuration list for PBXProject "nekurumba" */ = {
			isa = XCConfigurationList;
			buildConfigurations = (
				42C5E74B24C171110010F5FC /* Debug */,
				42C5E74C24C171110010F5FC /* Release */,
			);
			defaultConfigurationIsVisible = 0;
			defaultConfigurationName = Release;
		};
		42C5E74D24C171110010F5FC /* Build configuration list for PBXNativeTarget "nekurumba" */ = {
			isa = XCConfigurationList;
			buildConfigurations = (
				42C5E74E24C171110010F5FC /* Debug */,
				42C5E74F24C171110010F5FC /* Release */,
			);
			defaultConfigurationIsVisible = 0;
			defaultConfigurationName = Release;
		};
/* End XCConfigurationList section */

/* Begin XCRemoteSwiftPackageReference section */
		426E55D524C9D661004F9BD9 /* XCRemoteSwiftPackageReference "Charts" */ = {
			isa = XCRemoteSwiftPackageReference;
			repositoryURL = "https://github.com/danielgindi/Charts.git";
			requirement = {
				kind = upToNextMajorVersion;
				minimumVersion = 3.5.0;
			};
		};
		42FA7D8F24C2093E00D74068 /* XCRemoteSwiftPackageReference "AEConicalGradient" */ = {
			isa = XCRemoteSwiftPackageReference;
			repositoryURL = "https://github.com/tadija/AEConicalGradient.git";
			requirement = {
				kind = upToNextMajorVersion;
				minimumVersion = 2.1.1;
			};
		};
/* End XCRemoteSwiftPackageReference section */

/* Begin XCSwiftPackageProductDependency section */
		426E55D624C9D661004F9BD9 /* Charts */ = {
			isa = XCSwiftPackageProductDependency;
			package = 426E55D524C9D661004F9BD9 /* XCRemoteSwiftPackageReference "Charts" */;
			productName = Charts;
		};
		42FA7D9024C2093E00D74068 /* AEConicalGradient */ = {
			isa = XCSwiftPackageProductDependency;
			package = 42FA7D8F24C2093E00D74068 /* XCRemoteSwiftPackageReference "AEConicalGradient" */;
			productName = AEConicalGradient;
		};
/* End XCSwiftPackageProductDependency section */

/* Begin XCVersionGroup section */
		42C5E74224C171110010F5FC /* nekurumba.xcdatamodeld */ = {
			isa = XCVersionGroup;
			children = (
				42C5E74324C171110010F5FC /* nekurumba.xcdatamodel */,
			);
			currentVersion = 42C5E74324C171110010F5FC /* nekurumba.xcdatamodel */;
			path = nekurumba.xcdatamodeld;
			sourceTree = "<group>";
			versionGroupType = wrapper.xcdatamodel;
		};
/* End XCVersionGroup section */
	};
	rootObject = 42C5E72E24C171100010F5FC /* Project object */;
}
