{
  "object": {
    "pins": [
      {
        "package": "AEConicalGradient",
        "repositoryURL": "https://github.com/tadija/AEConicalGradient.git",
        "state": {
          "branch": null,
          "revision": "c6d5dec4772028c588ab88d8be4953ba89ceccbb",
          "version": "2.1.1"
        }
      },
      {
        "package": "Charts",
        "repositoryURL": "https://github.com/danielgindi/Charts.git",
        "state": {
          "branch": null,
          "revision": "7ac4a05e83d279bac305a472af9128c2a0eca3d7",
          "version": "3.5.0"
        }
      },
      {
        "package": "DT Bunch of Extensions",
        "repositoryURL": "https://github.com/dteethman/DTBunchOfExt.git",
        "state": {
          "branch": null,
          "revision": "d6551a4667c76b11b50f3458db793ea1d38a8726",
          "version": "1.0.2"
        }
      }
    ]
  },
  "version": 1
}
